<Solution>
  <Project Path="Code.csproj" />
  <Project Path="Reflex.csproj" />
  <Project Path="Reflex.Editor.csproj" />
  <Project Path="Plugins.LeanTween.csproj" />
  <Project Path="Plugins.SimpleInput.csproj" />
  <Project Path="Code.Editor.csproj" />
  <Project Path="Code.Common.Extensions.CustomTypes.Types.Editor.csproj" />
  <Project Path="Code.Common.csproj" />
  <Project Path="Code.Infrastructure.SceneLoader.csproj" />
  <Project Path="Code.Infrastructure.Services.Input.csproj" />
  <Project Path="Code.Infrastructure.Services.Time.csproj" />
  <Project Path="Plugins.JMOAssets.csproj" />
  <Project Path="Plugins.SimpleInput.Editor.csproj" />
  <Project Path="Code.Generated.csproj" />
  <Project Path="Code.Infrastructure.AssetManagement.csproj" />
  <Project Path="Documentation.csproj" />
  <Project Path="Code.UI.Elements.DevConsole.csproj" />
  <Project Path="Plugins.JMOAssets.Editor.csproj" />
  <Project Path="SceneAssets.csproj" />
  <Project Path="Code.Infrastructure.Services.Random.csproj" />
  <Project Path="Documentation.Editor.csproj" />
</Solution>
