<Solution>
  <Project Path="Code.csproj" />
  <Project Path="Reflex.csproj" />
  <Project Path="Reflex.Editor.csproj" />
  <Project Path="Plugins.LeanTween.csproj" />
  <Project Path="Plugins.SimpleInput.csproj" />
  <Project Path="Code.Editor.csproj" />
  <Project Path="Code.Common.csproj" />
  <Project Path="Assembly-CSharp-firstpass.csproj" />
  <Project Path="Code.Generated.csproj" />
  <Project Path="Documentation.csproj" />
  <Project Path="Assembly-CSharp-Editor-firstpass.csproj" />
  <Project Path="Documentation.Editor.csproj" />
  <Project Path="SceneAssets.csproj" />
</Solution>
